<?xml version="1.0" encoding="utf-8"?>
<Project ToolsVersion="4.0" xmlns="http://schemas.microsoft.com/developer/msbuild/2003">
  <ItemGroup>
    <Filter Include="Source Files">
      <UniqueIdentifier>{65ddc366-861c-4ceb-83c9-5c313ebcbd70}</UniqueIdentifier>
      <Extensions>cpp;c;cxx;rc;def;r;odl;idl;hpj;bat</Extensions>
    </Filter>
    <Filter Include="Header Files">
      <UniqueIdentifier>{37dbe0f8-b795-4c23-a252-09d5897c6181}</UniqueIdentifier>
      <Extensions>h;hpp;hxx;hm;inl</Extensions>
    </Filter>
    <Filter Include="Lint Options">
      <UniqueIdentifier>{4517903f-cf8d-46ab-ae0c-b16a47dc3707}</UniqueIdentifier>
    </Filter>
  </ItemGroup>
  <ItemGroup>
    <ClCompile Include="NodeList.cpp">
      <Filter>Source Files</Filter>
    </ClCompile>
  </ItemGroup>
  <ItemGroup>
    <ClInclude Include="NodeList.h">
      <Filter>Header Files</Filter>
    </ClInclude>
  </ItemGroup>
  <ItemGroup>
    <CustomBuild Include="C++Tools.lnt">
      <Filter>Lint Options</Filter>
    </CustomBuild>
    <CustomBuild Include="std.lnt">
      <Filter>Lint Options</Filter>
    </CustomBuild>
  </ItemGroup>
</Project>